
Microsoft Visual Studio Solution File, Format Version 12.00
# Visual Studio Version 17
VisualStudioVersion = 17.4.33403.182
MinimumVisualStudioVersion = 10.0.40219.1
Project("{9A19103F-16F7-4668-BE54-9A1E7A4F7556}") = "NewsAPI", "NewsAPI\NewsAPI.csproj", "{B84B9740-372D-4AB2-BD11-99C73434808F}"
EndProject
Project("{2150E333-8FDC-42A3-9474-1A3956D46DE8}") = "API", "API", "{37073D62-3EC5-4855-80EC-B3EA27FA09FD}"
EndProject
Project("{2150E333-8FDC-42A3-9474-1A3956D46DE8}") = "ControlCenter", "ControlCenter", "{CD3E8E82-FD3E-4BBE-9AB1-19A48E776AB8}"
EndProject
Project("{9A19103F-16F7-4668-BE54-9A1E7A4F7556}") = "BussinessLogicInterfaces", "BussinessLogicInterfaces\BussinessLogicInterfaces.csproj", "{A5824AFC-B5AF-49BB-9349-A7C70ED50E08}"
EndProject
Project("{9A19103F-16F7-4668-BE54-9A1E7A4F7556}") = "BussinessLogicServices", "BussinessLogicServices\BussinessLogicServices.csproj", "{D0B157FE-F2E2-4936-B8F5-A703C296AB3F}"
EndProject
Project("{2150E333-8FDC-42A3-9474-1A3956D46DE8}") = "DataAccessLayer", "DataAccessLayer", "{AEC56389-E100-445D-B2B2-B0D010CC5242}"
EndProject
Project("{9A19103F-16F7-4668-BE54-9A1E7A4F7556}") = "DataEntities", "DataEntities\DataEntities.csproj", "{14A215E3-3952-4394-B7EA-8873606975E1}"
EndProject
Project("{9A19103F-16F7-4668-BE54-9A1E7A4F7556}") = "Database", "Database\Database.csproj", "{21FF51D7-3469-4FE0-9F2F-EC44C0BFBEFD}"
EndProject
Project("{2150E333-8FDC-42A3-9474-1A3956D46DE8}") = "Dto", "Dto", "{5740DB5C-4F74-4CBF-A7AD-F84463E1E32A}"
EndProject
Project("{9A19103F-16F7-4668-BE54-9A1E7A4F7556}") = "DomainEntities", "DomainEntities\DomainEntities.csproj", "{123D7A79-E818-4EAC-A8BE-F714D2C24B5C}"
EndProject
Project("{2150E333-8FDC-42A3-9474-1A3956D46DE8}") = "Core", "Core", "{1606F270-38D6-462D-B53A-EB80DDAB722E}"
EndProject
Project("{9A19103F-16F7-4668-BE54-9A1E7A4F7556}") = "Extensions", "Extensions\Extensions.csproj", "{8A489AB6-F230-460A-ABAA-6CF6A4A2414A}"
EndProject
Project("{2150E333-8FDC-42A3-9474-1A3956D46DE8}") = "Common", "Common", "{97124411-AC26-4156-9C80-E3A24C78886F}"
EndProject
Project("{FAE04EC0-301F-11D3-BF4B-00C04F79EFBC}") = "CommonObjects", "CommonObjects\CommonObjects.csproj", "{4D4BEB72-6BC6-4990-9FC5-1AFDF937DF73}"
EndProject
Global
	GlobalSection(SolutionConfigurationPlatforms) = preSolution
		Debug|Any CPU = Debug|Any CPU
		Release|Any CPU = Release|Any CPU
	EndGlobalSection
	GlobalSection(ProjectConfigurationPlatforms) = postSolution
		{B84B9740-372D-4AB2-BD11-99C73434808F}.Debug|Any CPU.ActiveCfg = Debug|Any CPU
		{B84B9740-372D-4AB2-BD11-99C73434808F}.Debug|Any CPU.Build.0 = Debug|Any CPU
		{B84B9740-372D-4AB2-BD11-99C73434808F}.Release|Any CPU.ActiveCfg = Release|Any CPU
		{B84B9740-372D-4AB2-BD11-99C73434808F}.Release|Any CPU.Build.0 = Release|Any CPU
		{A5824AFC-B5AF-49BB-9349-A7C70ED50E08}.Debug|Any CPU.ActiveCfg = Debug|Any CPU
		{A5824AFC-B5AF-49BB-9349-A7C70ED50E08}.Debug|Any CPU.Build.0 = Debug|Any CPU
		{A5824AFC-B5AF-49BB-9349-A7C70ED50E08}.Release|Any CPU.ActiveCfg = Release|Any CPU
		{A5824AFC-B5AF-49BB-9349-A7C70ED50E08}.Release|Any CPU.Build.0 = Release|Any CPU
		{D0B157FE-F2E2-4936-B8F5-A703C296AB3F}.Debug|Any CPU.ActiveCfg = Debug|Any CPU
		{D0B157FE-F2E2-4936-B8F5-A703C296AB3F}.Debug|Any CPU.Build.0 = Debug|Any CPU
		{D0B157FE-F2E2-4936-B8F5-A703C296AB3F}.Release|Any CPU.ActiveCfg = Release|Any CPU
		{D0B157FE-F2E2-4936-B8F5-A703C296AB3F}.Release|Any CPU.Build.0 = Release|Any CPU
		{14A215E3-3952-4394-B7EA-8873606975E1}.Debug|Any CPU.ActiveCfg = Debug|Any CPU
		{14A215E3-3952-4394-B7EA-8873606975E1}.Debug|Any CPU.Build.0 = Debug|Any CPU
		{14A215E3-3952-4394-B7EA-8873606975E1}.Release|Any CPU.ActiveCfg = Release|Any CPU
		{14A215E3-3952-4394-B7EA-8873606975E1}.Release|Any CPU.Build.0 = Release|Any CPU
		{21FF51D7-3469-4FE0-9F2F-EC44C0BFBEFD}.Debug|Any CPU.ActiveCfg = Debug|Any CPU
		{21FF51D7-3469-4FE0-9F2F-EC44C0BFBEFD}.Debug|Any CPU.Build.0 = Debug|Any CPU
		{21FF51D7-3469-4FE0-9F2F-EC44C0BFBEFD}.Release|Any CPU.ActiveCfg = Release|Any CPU
		{21FF51D7-3469-4FE0-9F2F-EC44C0BFBEFD}.Release|Any CPU.Build.0 = Release|Any CPU
		{123D7A79-E818-4EAC-A8BE-F714D2C24B5C}.Debug|Any CPU.ActiveCfg = Debug|Any CPU
		{123D7A79-E818-4EAC-A8BE-F714D2C24B5C}.Debug|Any CPU.Build.0 = Debug|Any CPU
		{123D7A79-E818-4EAC-A8BE-F714D2C24B5C}.Release|Any CPU.ActiveCfg = Release|Any CPU
		{123D7A79-E818-4EAC-A8BE-F714D2C24B5C}.Release|Any CPU.Build.0 = Release|Any CPU
		{8A489AB6-F230-460A-ABAA-6CF6A4A2414A}.Debug|Any CPU.ActiveCfg = Debug|Any CPU
		{8A489AB6-F230-460A-ABAA-6CF6A4A2414A}.Debug|Any CPU.Build.0 = Debug|Any CPU
		{8A489AB6-F230-460A-ABAA-6CF6A4A2414A}.Release|Any CPU.ActiveCfg = Release|Any CPU
		{8A489AB6-F230-460A-ABAA-6CF6A4A2414A}.Release|Any CPU.Build.0 = Release|Any CPU
		{4D4BEB72-6BC6-4990-9FC5-1AFDF937DF73}.Debug|Any CPU.ActiveCfg = Debug|Any CPU
		{4D4BEB72-6BC6-4990-9FC5-1AFDF937DF73}.Debug|Any CPU.Build.0 = Debug|Any CPU
		{4D4BEB72-6BC6-4990-9FC5-1AFDF937DF73}.Release|Any CPU.ActiveCfg = Release|Any CPU
		{4D4BEB72-6BC6-4990-9FC5-1AFDF937DF73}.Release|Any CPU.Build.0 = Release|Any CPU
	EndGlobalSection
	GlobalSection(SolutionProperties) = preSolution
		HideSolutionNode = FALSE
	EndGlobalSection
	GlobalSection(NestedProjects) = preSolution
		{B84B9740-372D-4AB2-BD11-99C73434808F} = {37073D62-3EC5-4855-80EC-B3EA27FA09FD}
		{A5824AFC-B5AF-49BB-9349-A7C70ED50E08} = {CD3E8E82-FD3E-4BBE-9AB1-19A48E776AB8}
		{D0B157FE-F2E2-4936-B8F5-A703C296AB3F} = {CD3E8E82-FD3E-4BBE-9AB1-19A48E776AB8}
		{14A215E3-3952-4394-B7EA-8873606975E1} = {AEC56389-E100-445D-B2B2-B0D010CC5242}
		{21FF51D7-3469-4FE0-9F2F-EC44C0BFBEFD} = {AEC56389-E100-445D-B2B2-B0D010CC5242}
		{123D7A79-E818-4EAC-A8BE-F714D2C24B5C} = {5740DB5C-4F74-4CBF-A7AD-F84463E1E32A}
		{1606F270-38D6-462D-B53A-EB80DDAB722E} = {37073D62-3EC5-4855-80EC-B3EA27FA09FD}
		{8A489AB6-F230-460A-ABAA-6CF6A4A2414A} = {1606F270-38D6-462D-B53A-EB80DDAB722E}
		{4D4BEB72-6BC6-4990-9FC5-1AFDF937DF73} = {97124411-AC26-4156-9C80-E3A24C78886F}
	EndGlobalSection
	GlobalSection(ExtensibilityGlobals) = postSolution
		SolutionGuid = {5C1BD62A-4EA6-4716-B5E5-6E9FC89D3281}
	EndGlobalSection
EndGlobal
